
Microsoft Visual Studio Solution File, Format Version 12.00
# Visual Studio 15
VisualStudioVersion = 15.0.26228.10
MinimumVisualStudioVersion = 10.0.40219.1
Project("{E24C65DC-7377-472B-9ABA-BC803B73C61A}") = "Bidding.Web", "Bidding.Web\", "{FF10EDA6-B194-42C9-8523-5469CCF240FB}"
	ProjectSection(WebsiteProperties) = preProject
		TargetFrameworkMoniker = ".NETFramework,Version%3Dv4.5.2"
		Debug.AspNetCompiler.VirtualPath = "/localhost_25942"
		Debug.AspNetCompiler.PhysicalPath = "Bidding.Web\"
		Debug.AspNetCompiler.TargetPath = "PrecompiledWeb\localhost_25942\"
		Debug.AspNetCompiler.Updateable = "true"
		Debug.AspNetCompiler.ForceOverwrite = "true"
		Debug.AspNetCompiler.FixedNames = "false"
		Debug.AspNetCompiler.Debug = "True"
		Release.AspNetCompiler.VirtualPath = "/localhost_25942"
		Release.AspNetCompiler.PhysicalPath = "Bidding.Web\"
		Release.AspNetCompiler.TargetPath = "PrecompiledWeb\localhost_25942\"
		Release.AspNetCompiler.Updateable = "true"
		Release.AspNetCompiler.ForceOverwrite = "true"
		Release.AspNetCompiler.FixedNames = "false"
		Release.AspNetCompiler.Debug = "False"
		VWDPort = "25942"
		SlnRelativePath = "Bidding.Web\"
		DefaultWebSiteLanguage = "Visual C#"
	EndProjectSection
EndProject
Project("{FAE04EC0-301F-11D3-BF4B-00C04F79EFBC}") = "Bidding.Api", "Bidding.Api\Bidding.Api.csproj", "{D4813DDB-07F6-442B-95D0-6DD45F854E35}"
EndProject
Project("{FAE04EC0-301F-11D3-BF4B-00C04F79EFBC}") = "Bidding.Data", "Bidding.Data\Bidding.Data.csproj", "{E32C97DE-A653-4694-9077-3274A42D279A}"
EndProject
Project("{FAE04EC0-301F-11D3-BF4B-00C04F79EFBC}") = "Bidding.UnitTest", "Bidding.UnitTest\Bidding.UnitTest.csproj", "{C5B73E6B-3FCB-41A6-8C24-99854CA6A511}"
EndProject
Global
	GlobalSection(SolutionConfigurationPlatforms) = preSolution
		Debug|Any CPU = Debug|Any CPU
		Release|Any CPU = Release|Any CPU
	EndGlobalSection
	GlobalSection(ProjectConfigurationPlatforms) = postSolution
		{FF10EDA6-B194-42C9-8523-5469CCF240FB}.Debug|Any CPU.ActiveCfg = Debug|Any CPU
		{FF10EDA6-B194-42C9-8523-5469CCF240FB}.Debug|Any CPU.Build.0 = Debug|Any CPU
		{FF10EDA6-B194-42C9-8523-5469CCF240FB}.Release|Any CPU.ActiveCfg = Debug|Any CPU
		{FF10EDA6-B194-42C9-8523-5469CCF240FB}.Release|Any CPU.Build.0 = Debug|Any CPU
		{D4813DDB-07F6-442B-95D0-6DD45F854E35}.Debug|Any CPU.ActiveCfg = Debug|Any CPU
		{D4813DDB-07F6-442B-95D0-6DD45F854E35}.Debug|Any CPU.Build.0 = Debug|Any CPU
		{D4813DDB-07F6-442B-95D0-6DD45F854E35}.Release|Any CPU.ActiveCfg = Release|Any CPU
		{D4813DDB-07F6-442B-95D0-6DD45F854E35}.Release|Any CPU.Build.0 = Release|Any CPU
		{E32C97DE-A653-4694-9077-3274A42D279A}.Debug|Any CPU.ActiveCfg = Debug|Any CPU
		{E32C97DE-A653-4694-9077-3274A42D279A}.Debug|Any CPU.Build.0 = Debug|Any CPU
		{E32C97DE-A653-4694-9077-3274A42D279A}.Release|Any CPU.ActiveCfg = Release|Any CPU
		{E32C97DE-A653-4694-9077-3274A42D279A}.Release|Any CPU.Build.0 = Release|Any CPU
		{C5B73E6B-3FCB-41A6-8C24-99854CA6A511}.Debug|Any CPU.ActiveCfg = Debug|Any CPU
		{C5B73E6B-3FCB-41A6-8C24-99854CA6A511}.Debug|Any CPU.Build.0 = Debug|Any CPU
		{C5B73E6B-3FCB-41A6-8C24-99854CA6A511}.Release|Any CPU.ActiveCfg = Release|Any CPU
		{C5B73E6B-3FCB-41A6-8C24-99854CA6A511}.Release|Any CPU.Build.0 = Release|Any CPU
	EndGlobalSection
	GlobalSection(SolutionProperties) = preSolution
		HideSolutionNode = FALSE
	EndGlobalSection
EndGlobal
